
Microsoft Visual Studio Solution File, Format Version 12.00
# Visual Studio Version 17
VisualStudioVersion = 17.5.002.0
MinimumVisualStudioVersion = 10.0.40219.1
Project("{9A19103F-16F7-4668-BE54-9A1E7A4F7556}") = "Console", "Console\Console.csproj", "{D3EE21EA-5C8E-48F2-892B-1F8AA39DD67C}"
EndProject
Project("{9A19103F-16F7-4668-BE54-9A1E7A4F7556}") = "Tests", "Tests\Tests.csproj", "{D515772A-7629-45F9-9024-113ADFA549C5}"
EndProject
Global
	GlobalSection(SolutionConfigurationPlatforms) = preSolution
		Debug|Any CPU = Debug|Any CPU
		Release|Any CPU = Release|Any CPU
	EndGlobalSection
	GlobalSection(ProjectConfigurationPlatforms) = postSolution
		{D3EE21EA-5C8E-48F2-892B-1F8AA39DD67C}.Debug|Any CPU.ActiveCfg = Debug|Any CPU
		{D3EE21EA-5C8E-48F2-892B-1F8AA39DD67C}.Debug|Any CPU.Build.0 = Debug|Any CPU
		{D3EE21EA-5C8E-48F2-892B-1F8AA39DD67C}.Release|Any CPU.ActiveCfg = Release|Any CPU
		{D3EE21EA-5C8E-48F2-892B-1F8AA39DD67C}.Release|Any CPU.Build.0 = Release|Any CPU
		{D515772A-7629-45F9-9024-113ADFA549C5}.Debug|Any CPU.ActiveCfg = Debug|Any CPU
		{D515772A-7629-45F9-9024-113ADFA549C5}.Debug|Any CPU.Build.0 = Debug|Any CPU
		{D515772A-7629-45F9-9024-113ADFA549C5}.Release|Any CPU.ActiveCfg = Release|Any CPU
		{D515772A-7629-45F9-9024-113ADFA549C5}.Release|Any CPU.Build.0 = Release|Any CPU
	EndGlobalSection
	GlobalSection(SolutionProperties) = preSolution
		HideSolutionNode = FALSE
	EndGlobalSection
	GlobalSection(ExtensibilityGlobals) = postSolution
		SolutionGuid = {178CC146-CA6E-4084-9C8A-5CF60C41C750}
	EndGlobalSection
EndGlobal
